
Microsoft Visual Studio Solution File, Format Version 12.00
# Visual Studio Version 16
VisualStudioVersion = 16.0.29326.143
MinimumVisualStudioVersion = 10.0.40219.1
Project("{9A19103F-16F7-4668-BE54-9A1E7A4F7556}") = "Booth.Common", "Booth.Common\Booth.Common.csproj", "{4AE1229D-6E9A-4DCB-82F2-9E23513521B0}"
EndProject
Project("{FAE04EC0-301F-11D3-BF4B-00C04F79EFBC}") = "Booth.Scheduler", "Booth.Scheduler\Booth.Scheduler.csproj", "{C5A9EA99-8CFA-4B91-A732-C336836EE934}"
EndProject
Global
	GlobalSection(SolutionConfigurationPlatforms) = preSolution
		Debug|Any CPU = Debug|Any CPU
		Release|Any CPU = Release|Any CPU
	EndGlobalSection
	GlobalSection(ProjectConfigurationPlatforms) = postSolution
		{4AE1229D-6E9A-4DCB-82F2-9E23513521B0}.Debug|Any CPU.ActiveCfg = Debug|Any CPU
		{4AE1229D-6E9A-4DCB-82F2-9E23513521B0}.Debug|Any CPU.Build.0 = Debug|Any CPU
		{4AE1229D-6E9A-4DCB-82F2-9E23513521B0}.Release|Any CPU.ActiveCfg = Release|Any CPU
		{4AE1229D-6E9A-4DCB-82F2-9E23513521B0}.Release|Any CPU.Build.0 = Release|Any CPU
		{C5A9EA99-8CFA-4B91-A732-C336836EE934}.Debug|Any CPU.ActiveCfg = Debug|Any CPU
		{C5A9EA99-8CFA-4B91-A732-C336836EE934}.Debug|Any CPU.Build.0 = Debug|Any CPU
		{C5A9EA99-8CFA-4B91-A732-C336836EE934}.Release|Any CPU.ActiveCfg = Release|Any CPU
		{C5A9EA99-8CFA-4B91-A732-C336836EE934}.Release|Any CPU.Build.0 = Release|Any CPU
	EndGlobalSection
	GlobalSection(SolutionProperties) = preSolution
		HideSolutionNode = FALSE
	EndGlobalSection
	GlobalSection(ExtensibilityGlobals) = postSolution
		SolutionGuid = {31C19C88-DAB1-49C4-B8FA-50E83DE12260}
	EndGlobalSection
EndGlobal
